
Microsoft Visual Studio Solution File, Format Version 12.00
# Visual Studio 14
VisualStudioVersion = 14.0.24720.0
MinimumVisualStudioVersion = 10.0.40219.1
Project("{FAE04EC0-301F-11D3-BF4B-00C04F79EFBC}") = "MovieDatabase", "MovieDatabase\MovieDatabase.csproj", "{81CC920E-FFBC-40A6-BD91-C69305900D64}"
EndProject
Project("{FAE04EC0-301F-11D3-BF4B-00C04F79EFBC}") = "MovieDatabase.Start", "MovieDatabase.Start\MovieDatabase.Start.csproj", "{9E691ADC-4A62-45D6-9C2E-4D547C0738BF}"
EndProject
Project("{FAE04EC0-301F-11D3-BF4B-00C04F79EFBC}") = "MovieDatabase.ExportDataToFiles", "MovieDatabase.ExportDataToFiles\MovieDatabase.ExportDataToFiles.csproj", "{BD677257-3BA5-4E7E-88A5-4D9530CDDFBB}"
EndProject
Project("{FAE04EC0-301F-11D3-BF4B-00C04F79EFBC}") = "MovieDatabase.ImportDataFromFiles", "MovieDatabase.ImportDataFromFiles\MovieDatabase.ImportDataFromFiles.csproj", "{1E8F6B87-1547-4C1D-8159-56389633406F}"
EndProject
Project("{FAE04EC0-301F-11D3-BF4B-00C04F79EFBC}") = "ImportToMongo", "ImportToMongo\ImportToMongo.csproj", "{BA2EE952-6686-4ED1-B738-FFE1444224EF}"
EndProject
Project("{FAE04EC0-301F-11D3-BF4B-00C04F79EFBC}") = "ImportToMongoDB", "ImportToMongoDB\ImportToMongoDB.csproj", "{4CDAB4F3-2301-492F-8FE6-5DDF4AF99631}"
EndProject
Project("{FAE04EC0-301F-11D3-BF4B-00C04F79EFBC}") = "ExportToMySql", "ExportToMySql\ExportToMySql.csproj", "{BA7D1923-5FA8-4DB5-86B1-AAC3E876E29C}"
EndProject
Global
	GlobalSection(SolutionConfigurationPlatforms) = preSolution
		Debug|Any CPU = Debug|Any CPU
		Release|Any CPU = Release|Any CPU
	EndGlobalSection
	GlobalSection(ProjectConfigurationPlatforms) = postSolution
		{81CC920E-FFBC-40A6-BD91-C69305900D64}.Debug|Any CPU.ActiveCfg = Debug|Any CPU
		{81CC920E-FFBC-40A6-BD91-C69305900D64}.Debug|Any CPU.Build.0 = Debug|Any CPU
		{81CC920E-FFBC-40A6-BD91-C69305900D64}.Release|Any CPU.ActiveCfg = Release|Any CPU
		{81CC920E-FFBC-40A6-BD91-C69305900D64}.Release|Any CPU.Build.0 = Release|Any CPU
		{9E691ADC-4A62-45D6-9C2E-4D547C0738BF}.Debug|Any CPU.ActiveCfg = Debug|Any CPU
		{9E691ADC-4A62-45D6-9C2E-4D547C0738BF}.Debug|Any CPU.Build.0 = Debug|Any CPU
		{9E691ADC-4A62-45D6-9C2E-4D547C0738BF}.Release|Any CPU.ActiveCfg = Release|Any CPU
		{9E691ADC-4A62-45D6-9C2E-4D547C0738BF}.Release|Any CPU.Build.0 = Release|Any CPU
		{BD677257-3BA5-4E7E-88A5-4D9530CDDFBB}.Debug|Any CPU.ActiveCfg = Debug|Any CPU
		{BD677257-3BA5-4E7E-88A5-4D9530CDDFBB}.Debug|Any CPU.Build.0 = Debug|Any CPU
		{BD677257-3BA5-4E7E-88A5-4D9530CDDFBB}.Release|Any CPU.ActiveCfg = Release|Any CPU
		{BD677257-3BA5-4E7E-88A5-4D9530CDDFBB}.Release|Any CPU.Build.0 = Release|Any CPU
		{1E8F6B87-1547-4C1D-8159-56389633406F}.Debug|Any CPU.ActiveCfg = Debug|Any CPU
		{1E8F6B87-1547-4C1D-8159-56389633406F}.Debug|Any CPU.Build.0 = Debug|Any CPU
		{1E8F6B87-1547-4C1D-8159-56389633406F}.Release|Any CPU.ActiveCfg = Release|Any CPU
		{1E8F6B87-1547-4C1D-8159-56389633406F}.Release|Any CPU.Build.0 = Release|Any CPU
		{BA2EE952-6686-4ED1-B738-FFE1444224EF}.Debug|Any CPU.ActiveCfg = Debug|Any CPU
		{BA2EE952-6686-4ED1-B738-FFE1444224EF}.Debug|Any CPU.Build.0 = Debug|Any CPU
		{BA2EE952-6686-4ED1-B738-FFE1444224EF}.Release|Any CPU.ActiveCfg = Release|Any CPU
		{BA2EE952-6686-4ED1-B738-FFE1444224EF}.Release|Any CPU.Build.0 = Release|Any CPU
		{4CDAB4F3-2301-492F-8FE6-5DDF4AF99631}.Debug|Any CPU.ActiveCfg = Debug|Any CPU
		{4CDAB4F3-2301-492F-8FE6-5DDF4AF99631}.Debug|Any CPU.Build.0 = Debug|Any CPU
		{4CDAB4F3-2301-492F-8FE6-5DDF4AF99631}.Release|Any CPU.ActiveCfg = Release|Any CPU
		{4CDAB4F3-2301-492F-8FE6-5DDF4AF99631}.Release|Any CPU.Build.0 = Release|Any CPU
		{BA7D1923-5FA8-4DB5-86B1-AAC3E876E29C}.Debug|Any CPU.ActiveCfg = Debug|Any CPU
		{BA7D1923-5FA8-4DB5-86B1-AAC3E876E29C}.Debug|Any CPU.Build.0 = Debug|Any CPU
		{BA7D1923-5FA8-4DB5-86B1-AAC3E876E29C}.Release|Any CPU.ActiveCfg = Release|Any CPU
		{BA7D1923-5FA8-4DB5-86B1-AAC3E876E29C}.Release|Any CPU.Build.0 = Release|Any CPU
	EndGlobalSection
	GlobalSection(SolutionProperties) = preSolution
		HideSolutionNode = FALSE
	EndGlobalSection
EndGlobal
